
Microsoft Visual Studio Solution File, Format Version 12.00
# Visual Studio 15
VisualStudioVersion = 15.0.26228.9
MinimumVisualStudioVersion = 10.0.40219.1
Project("{8BC9CEB8-8B4A-11D0-8D11-00A0C91BC942}") = "Day 2 - Operators", "Day 2- Operators\Day 2- Operators.vcxproj", "{4506534A-4E82-4627-BAD3-35952CD7709D}"
EndProject
Project("{8BC9CEB8-8B4A-11D0-8D11-00A0C91BC942}") = "Day 0 - Hello, World", "Day 0 - Hello, World\Day 0 - Hello, World.vcxproj", "{FE8E40D8-F846-46B3-A303-65386FC729B2}"
EndProject
Project("{FAE04EC0-301F-11D3-BF4B-00C04F79EFBC}") = "Day 1 - Data Types", "Day 1 - Data Types\Day 1 - Data Types.csproj", "{9993EB9F-BE9C-43C0-B300-E44D665E421E}"
EndProject
Project("{8BC9CEB8-8B4A-11D0-8D11-00A0C91BC942}") = "Day 3 - Intro to Conditional Statements", "Day 3 - Intro to Conditional Statements\Day 3 - Intro to Conditional Statements.vcxproj", "{405E9789-8D47-483E-97EB-C672EA993D50}"
EndProject
Project("{8BC9CEB8-8B4A-11D0-8D11-00A0C91BC942}") = "Day 4 - Class vs. Instance", "Day 4 - Class vs. Instance\Day 4 - Class vs. Instance.vcxproj", "{DAC3B131-5C96-43FA-8CD2-555F55D44066}"
EndProject
Project("{8BC9CEB8-8B4A-11D0-8D11-00A0C91BC942}") = "Day 5 - Loops", "Day 5 - Loops\Day 5 - Loops.vcxproj", "{0CC0E0AE-7915-46D6-9EA8-209F9F6217A2}"
EndProject
Project("{8BC9CEB8-8B4A-11D0-8D11-00A0C91BC942}") = "Day 6 - Let's Review", "Day 6 - Let's Review\Day 6 - Let's Review.vcxproj", "{E842863B-1756-4EC2-A2A2-71C2851876C3}"
EndProject
Global
	GlobalSection(SolutionConfigurationPlatforms) = preSolution
		Debug|Any CPU = Debug|Any CPU
		Debug|x64 = Debug|x64
		Debug|x86 = Debug|x86
		Release|Any CPU = Release|Any CPU
		Release|x64 = Release|x64
		Release|x86 = Release|x86
	EndGlobalSection
	GlobalSection(ProjectConfigurationPlatforms) = postSolution
		{4506534A-4E82-4627-BAD3-35952CD7709D}.Debug|Any CPU.ActiveCfg = Debug|Win32
		{4506534A-4E82-4627-BAD3-35952CD7709D}.Debug|x64.ActiveCfg = Debug|x64
		{4506534A-4E82-4627-BAD3-35952CD7709D}.Debug|x64.Build.0 = Debug|x64
		{4506534A-4E82-4627-BAD3-35952CD7709D}.Debug|x86.ActiveCfg = Debug|Win32
		{4506534A-4E82-4627-BAD3-35952CD7709D}.Debug|x86.Build.0 = Debug|Win32
		{4506534A-4E82-4627-BAD3-35952CD7709D}.Release|Any CPU.ActiveCfg = Release|Win32
		{4506534A-4E82-4627-BAD3-35952CD7709D}.Release|x64.ActiveCfg = Release|x64
		{4506534A-4E82-4627-BAD3-35952CD7709D}.Release|x64.Build.0 = Release|x64
		{4506534A-4E82-4627-BAD3-35952CD7709D}.Release|x86.ActiveCfg = Release|Win32
		{4506534A-4E82-4627-BAD3-35952CD7709D}.Release|x86.Build.0 = Release|Win32
		{FE8E40D8-F846-46B3-A303-65386FC729B2}.Debug|Any CPU.ActiveCfg = Debug|Win32
		{FE8E40D8-F846-46B3-A303-65386FC729B2}.Debug|x64.ActiveCfg = Debug|x64
		{FE8E40D8-F846-46B3-A303-65386FC729B2}.Debug|x64.Build.0 = Debug|x64
		{FE8E40D8-F846-46B3-A303-65386FC729B2}.Debug|x86.ActiveCfg = Debug|Win32
		{FE8E40D8-F846-46B3-A303-65386FC729B2}.Debug|x86.Build.0 = Debug|Win32
		{FE8E40D8-F846-46B3-A303-65386FC729B2}.Release|Any CPU.ActiveCfg = Release|Win32
		{FE8E40D8-F846-46B3-A303-65386FC729B2}.Release|x64.ActiveCfg = Release|x64
		{FE8E40D8-F846-46B3-A303-65386FC729B2}.Release|x64.Build.0 = Release|x64
		{FE8E40D8-F846-46B3-A303-65386FC729B2}.Release|x86.ActiveCfg = Release|Win32
		{FE8E40D8-F846-46B3-A303-65386FC729B2}.Release|x86.Build.0 = Release|Win32
		{9993EB9F-BE9C-43C0-B300-E44D665E421E}.Debug|Any CPU.ActiveCfg = Debug|Any CPU
		{9993EB9F-BE9C-43C0-B300-E44D665E421E}.Debug|Any CPU.Build.0 = Debug|Any CPU
		{9993EB9F-BE9C-43C0-B300-E44D665E421E}.Debug|x64.ActiveCfg = Debug|Any CPU
		{9993EB9F-BE9C-43C0-B300-E44D665E421E}.Debug|x64.Build.0 = Debug|Any CPU
		{9993EB9F-BE9C-43C0-B300-E44D665E421E}.Debug|x86.ActiveCfg = Debug|Any CPU
		{9993EB9F-BE9C-43C0-B300-E44D665E421E}.Debug|x86.Build.0 = Debug|Any CPU
		{9993EB9F-BE9C-43C0-B300-E44D665E421E}.Release|Any CPU.ActiveCfg = Release|Any CPU
		{9993EB9F-BE9C-43C0-B300-E44D665E421E}.Release|Any CPU.Build.0 = Release|Any CPU
		{9993EB9F-BE9C-43C0-B300-E44D665E421E}.Release|x64.ActiveCfg = Release|Any CPU
		{9993EB9F-BE9C-43C0-B300-E44D665E421E}.Release|x64.Build.0 = Release|Any CPU
		{9993EB9F-BE9C-43C0-B300-E44D665E421E}.Release|x86.ActiveCfg = Release|Any CPU
		{9993EB9F-BE9C-43C0-B300-E44D665E421E}.Release|x86.Build.0 = Release|Any CPU
		{405E9789-8D47-483E-97EB-C672EA993D50}.Debug|Any CPU.ActiveCfg = Debug|Win32
		{405E9789-8D47-483E-97EB-C672EA993D50}.Debug|x64.ActiveCfg = Debug|x64
		{405E9789-8D47-483E-97EB-C672EA993D50}.Debug|x64.Build.0 = Debug|x64
		{405E9789-8D47-483E-97EB-C672EA993D50}.Debug|x86.ActiveCfg = Debug|Win32
		{405E9789-8D47-483E-97EB-C672EA993D50}.Debug|x86.Build.0 = Debug|Win32
		{405E9789-8D47-483E-97EB-C672EA993D50}.Release|Any CPU.ActiveCfg = Release|Win32
		{405E9789-8D47-483E-97EB-C672EA993D50}.Release|x64.ActiveCfg = Release|x64
		{405E9789-8D47-483E-97EB-C672EA993D50}.Release|x64.Build.0 = Release|x64
		{405E9789-8D47-483E-97EB-C672EA993D50}.Release|x86.ActiveCfg = Release|Win32
		{405E9789-8D47-483E-97EB-C672EA993D50}.Release|x86.Build.0 = Release|Win32
		{DAC3B131-5C96-43FA-8CD2-555F55D44066}.Debug|Any CPU.ActiveCfg = Debug|Win32
		{DAC3B131-5C96-43FA-8CD2-555F55D44066}.Debug|x64.ActiveCfg = Debug|x64
		{DAC3B131-5C96-43FA-8CD2-555F55D44066}.Debug|x64.Build.0 = Debug|x64
		{DAC3B131-5C96-43FA-8CD2-555F55D44066}.Debug|x86.ActiveCfg = Debug|Win32
		{DAC3B131-5C96-43FA-8CD2-555F55D44066}.Debug|x86.Build.0 = Debug|Win32
		{DAC3B131-5C96-43FA-8CD2-555F55D44066}.Release|Any CPU.ActiveCfg = Release|Win32
		{DAC3B131-5C96-43FA-8CD2-555F55D44066}.Release|x64.ActiveCfg = Release|x64
		{DAC3B131-5C96-43FA-8CD2-555F55D44066}.Release|x64.Build.0 = Release|x64
		{DAC3B131-5C96-43FA-8CD2-555F55D44066}.Release|x86.ActiveCfg = Release|Win32
		{DAC3B131-5C96-43FA-8CD2-555F55D44066}.Release|x86.Build.0 = Release|Win32
		{0CC0E0AE-7915-46D6-9EA8-209F9F6217A2}.Debug|Any CPU.ActiveCfg = Debug|Win32
		{0CC0E0AE-7915-46D6-9EA8-209F9F6217A2}.Debug|x64.ActiveCfg = Debug|x64
		{0CC0E0AE-7915-46D6-9EA8-209F9F6217A2}.Debug|x64.Build.0 = Debug|x64
		{0CC0E0AE-7915-46D6-9EA8-209F9F6217A2}.Debug|x86.ActiveCfg = Debug|Win32
		{0CC0E0AE-7915-46D6-9EA8-209F9F6217A2}.Debug|x86.Build.0 = Debug|Win32
		{0CC0E0AE-7915-46D6-9EA8-209F9F6217A2}.Release|Any CPU.ActiveCfg = Release|Win32
		{0CC0E0AE-7915-46D6-9EA8-209F9F6217A2}.Release|x64.ActiveCfg = Release|x64
		{0CC0E0AE-7915-46D6-9EA8-209F9F6217A2}.Release|x64.Build.0 = Release|x64
		{0CC0E0AE-7915-46D6-9EA8-209F9F6217A2}.Release|x86.ActiveCfg = Release|Win32
		{0CC0E0AE-7915-46D6-9EA8-209F9F6217A2}.Release|x86.Build.0 = Release|Win32
		{E842863B-1756-4EC2-A2A2-71C2851876C3}.Debug|Any CPU.ActiveCfg = Debug|Win32
		{E842863B-1756-4EC2-A2A2-71C2851876C3}.Debug|x64.ActiveCfg = Debug|x64
		{E842863B-1756-4EC2-A2A2-71C2851876C3}.Debug|x64.Build.0 = Debug|x64
		{E842863B-1756-4EC2-A2A2-71C2851876C3}.Debug|x86.ActiveCfg = Debug|Win32
		{E842863B-1756-4EC2-A2A2-71C2851876C3}.Debug|x86.Build.0 = Debug|Win32
		{E842863B-1756-4EC2-A2A2-71C2851876C3}.Release|Any CPU.ActiveCfg = Release|Win32
		{E842863B-1756-4EC2-A2A2-71C2851876C3}.Release|x64.ActiveCfg = Release|x64
		{E842863B-1756-4EC2-A2A2-71C2851876C3}.Release|x64.Build.0 = Release|x64
		{E842863B-1756-4EC2-A2A2-71C2851876C3}.Release|x86.ActiveCfg = Release|Win32
		{E842863B-1756-4EC2-A2A2-71C2851876C3}.Release|x86.Build.0 = Release|Win32
	EndGlobalSection
	GlobalSection(SolutionProperties) = preSolution
		HideSolutionNode = FALSE
	EndGlobalSection
EndGlobal
