
Microsoft Visual Studio Solution File, Format Version 12.00
# Visual Studio 15
VisualStudioVersion = 15.0.26228.9
MinimumVisualStudioVersion = 10.0.40219.1
Project("{8BC9CEB8-8B4A-11D0-8D11-00A0C91BC942}") = "Say Hello, World! With C++", "Say Hello, World! With C++\Say Hello, World! With C++.vcxproj", "{7A34DCDE-29A7-47F9-A0F4-248F2953A4AF}"
EndProject
Project("{8BC9CEB8-8B4A-11D0-8D11-00A0C91BC942}") = "Input and Output", "Input and Output\Input and Output.vcxproj", "{02014F59-D16F-4F65-B1F8-C7D890CCAC79}"
EndProject
Project("{8BC9CEB8-8B4A-11D0-8D11-00A0C91BC942}") = "Basic Data Types", "Basic Data Types\Basic Data Types.vcxproj", "{D0A7CE38-83DE-4DA5-93CE-455F5D17F866}"
EndProject
Project("{8BC9CEB8-8B4A-11D0-8D11-00A0C91BC942}") = "Conditional Statements", "Conditional Statements\Conditional Statements.vcxproj", "{308CC209-A89A-4D48-97B7-290339BFA45A}"
EndProject
Project("{8BC9CEB8-8B4A-11D0-8D11-00A0C91BC942}") = "For Loop", "For Loop\For Loop.vcxproj", "{D22B9F52-EF52-4E1C-B221-92DC10317AFF}"
EndProject
Global
	GlobalSection(SolutionConfigurationPlatforms) = preSolution
		Debug|x64 = Debug|x64
		Debug|x86 = Debug|x86
		Release|x64 = Release|x64
		Release|x86 = Release|x86
	EndGlobalSection
	GlobalSection(ProjectConfigurationPlatforms) = postSolution
		{7A34DCDE-29A7-47F9-A0F4-248F2953A4AF}.Debug|x64.ActiveCfg = Debug|x64
		{7A34DCDE-29A7-47F9-A0F4-248F2953A4AF}.Debug|x64.Build.0 = Debug|x64
		{7A34DCDE-29A7-47F9-A0F4-248F2953A4AF}.Debug|x86.ActiveCfg = Debug|Win32
		{7A34DCDE-29A7-47F9-A0F4-248F2953A4AF}.Debug|x86.Build.0 = Debug|Win32
		{7A34DCDE-29A7-47F9-A0F4-248F2953A4AF}.Release|x64.ActiveCfg = Release|x64
		{7A34DCDE-29A7-47F9-A0F4-248F2953A4AF}.Release|x64.Build.0 = Release|x64
		{7A34DCDE-29A7-47F9-A0F4-248F2953A4AF}.Release|x86.ActiveCfg = Release|Win32
		{7A34DCDE-29A7-47F9-A0F4-248F2953A4AF}.Release|x86.Build.0 = Release|Win32
		{02014F59-D16F-4F65-B1F8-C7D890CCAC79}.Debug|x64.ActiveCfg = Debug|x64
		{02014F59-D16F-4F65-B1F8-C7D890CCAC79}.Debug|x64.Build.0 = Debug|x64
		{02014F59-D16F-4F65-B1F8-C7D890CCAC79}.Debug|x86.ActiveCfg = Debug|Win32
		{02014F59-D16F-4F65-B1F8-C7D890CCAC79}.Debug|x86.Build.0 = Debug|Win32
		{02014F59-D16F-4F65-B1F8-C7D890CCAC79}.Release|x64.ActiveCfg = Release|x64
		{02014F59-D16F-4F65-B1F8-C7D890CCAC79}.Release|x64.Build.0 = Release|x64
		{02014F59-D16F-4F65-B1F8-C7D890CCAC79}.Release|x86.ActiveCfg = Release|Win32
		{02014F59-D16F-4F65-B1F8-C7D890CCAC79}.Release|x86.Build.0 = Release|Win32
		{D0A7CE38-83DE-4DA5-93CE-455F5D17F866}.Debug|x64.ActiveCfg = Debug|x64
		{D0A7CE38-83DE-4DA5-93CE-455F5D17F866}.Debug|x64.Build.0 = Debug|x64
		{D0A7CE38-83DE-4DA5-93CE-455F5D17F866}.Debug|x86.ActiveCfg = Debug|Win32
		{D0A7CE38-83DE-4DA5-93CE-455F5D17F866}.Debug|x86.Build.0 = Debug|Win32
		{D0A7CE38-83DE-4DA5-93CE-455F5D17F866}.Release|x64.ActiveCfg = Release|x64
		{D0A7CE38-83DE-4DA5-93CE-455F5D17F866}.Release|x64.Build.0 = Release|x64
		{D0A7CE38-83DE-4DA5-93CE-455F5D17F866}.Release|x86.ActiveCfg = Release|Win32
		{D0A7CE38-83DE-4DA5-93CE-455F5D17F866}.Release|x86.Build.0 = Release|Win32
		{308CC209-A89A-4D48-97B7-290339BFA45A}.Debug|x64.ActiveCfg = Debug|x64
		{308CC209-A89A-4D48-97B7-290339BFA45A}.Debug|x64.Build.0 = Debug|x64
		{308CC209-A89A-4D48-97B7-290339BFA45A}.Debug|x86.ActiveCfg = Debug|Win32
		{308CC209-A89A-4D48-97B7-290339BFA45A}.Debug|x86.Build.0 = Debug|Win32
		{308CC209-A89A-4D48-97B7-290339BFA45A}.Release|x64.ActiveCfg = Release|x64
		{308CC209-A89A-4D48-97B7-290339BFA45A}.Release|x64.Build.0 = Release|x64
		{308CC209-A89A-4D48-97B7-290339BFA45A}.Release|x86.ActiveCfg = Release|Win32
		{308CC209-A89A-4D48-97B7-290339BFA45A}.Release|x86.Build.0 = Release|Win32
		{D22B9F52-EF52-4E1C-B221-92DC10317AFF}.Debug|x64.ActiveCfg = Debug|x64
		{D22B9F52-EF52-4E1C-B221-92DC10317AFF}.Debug|x64.Build.0 = Debug|x64
		{D22B9F52-EF52-4E1C-B221-92DC10317AFF}.Debug|x86.ActiveCfg = Debug|Win32
		{D22B9F52-EF52-4E1C-B221-92DC10317AFF}.Debug|x86.Build.0 = Debug|Win32
		{D22B9F52-EF52-4E1C-B221-92DC10317AFF}.Release|x64.ActiveCfg = Release|x64
		{D22B9F52-EF52-4E1C-B221-92DC10317AFF}.Release|x64.Build.0 = Release|x64
		{D22B9F52-EF52-4E1C-B221-92DC10317AFF}.Release|x86.ActiveCfg = Release|Win32
		{D22B9F52-EF52-4E1C-B221-92DC10317AFF}.Release|x86.Build.0 = Release|Win32
	EndGlobalSection
	GlobalSection(SolutionProperties) = preSolution
		HideSolutionNode = FALSE
	EndGlobalSection
EndGlobal
